// !$*UTF8*$!
{
	archiveVersion = 1;
	classes = {
	};
	objectVersion = 51;
	objects = {

/* Begin PBXBuildFile section */
		5408ADC922F9CA380032D524 /* LYConversationListController.m in Sources */ = {isa = PBXBuildFile; fileRef = 5408ADC822F9CA380032D524 /* LYConversationListController.m */; };
		5408ADCC22F9CA4C0032D524 /* LYHanMissionViewController.m in Sources */ = {isa = PBXBuildFile; fileRef = 5408ADCB22F9CA4C0032D524 /* LYHanMissionViewController.m */; };
		5408ADCF22F9CA640032D524 /* LYApplicationMainController.m in Sources */ = {isa = PBXBuildFile; fileRef = 5408ADCE22F9CA640032D524 /* LYApplicationMainController.m */; };
		5408ADD222F9CA860032D524 /* LYHanChuanCircleViewController.m in Sources */ = {isa = PBXBuildFile; fileRef = 5408ADD122F9CA860032D524 /* LYHanChuanCircleViewController.m */; };
		5408ADDF22F9CB160032D524 /* LYMeTableViewController.m in Sources */ = {isa = PBXBuildFile; fileRef = 5408ADDE22F9CB160032D524 /* LYMeTableViewController.m */; };
		5408ADE122F9CE410032D524 /* MyProfile.storyboard in Resources */ = {isa = PBXBuildFile; fileRef = 5408ADE022F9CE410032D524 /* MyProfile.storyboard */; };
		5420755122F7244100FD1B5C /* LYBaseModel.m in Sources */ = {isa = PBXBuildFile; fileRef = 5420755022F7244100FD1B5C /* LYBaseModel.m */; };
		5420755522F724DC00FD1B5C /* LYTabBarController.m in Sources */ = {isa = PBXBuildFile; fileRef = 5420755422F724DC00FD1B5C /* LYTabBarController.m */; };
		5420755822F7257D00FD1B5C /* LYTabBarMenusModel.m in Sources */ = {isa = PBXBuildFile; fileRef = 5420755722F7257D00FD1B5C /* LYTabBarMenusModel.m */; };
		5420755C22F725DB00FD1B5C /* HTTabBarMenus.plist in Resources */ = {isa = PBXBuildFile; fileRef = 5420755B22F725DB00FD1B5C /* HTTabBarMenus.plist */; };
		5420755F22F726FF00FD1B5C /* LYBaseNavigationController.m in Sources */ = {isa = PBXBuildFile; fileRef = 5420755E22F726FF00FD1B5C /* LYBaseNavigationController.m */; };
		5420756622F72DC200FD1B5C /* LYBaseViewController.m in Sources */ = {isa = PBXBuildFile; fileRef = 5420756522F72DC200FD1B5C /* LYBaseViewController.m */; };
		5420756C22F72F9F00FD1B5C /* LYNavigationTitleView.m in Sources */ = {isa = PBXBuildFile; fileRef = 5420756922F72F9F00FD1B5C /* LYNavigationTitleView.m */; };
		5420756D22F72F9F00FD1B5C /* LYNavigationTitleView.xib in Resources */ = {isa = PBXBuildFile; fileRef = 5420756B22F72F9F00FD1B5C /* LYNavigationTitleView.xib */; };
		5420757022F730A700FD1B5C /* UIView+Helper.m in Sources */ = {isa = PBXBuildFile; fileRef = 5420756E22F730A700FD1B5C /* UIView+Helper.m */; };
		5420757322F732C700FD1B5C /* UIViewController+NavBarLoading.m in Sources */ = {isa = PBXBuildFile; fileRef = 5420757222F732C700FD1B5C /* UIViewController+NavBarLoading.m */; };
		5420757622F7341100FD1B5C /* LYBaseTableViewController.m in Sources */ = {isa = PBXBuildFile; fileRef = 5420757522F7341100FD1B5C /* LYBaseTableViewController.m */; };
		5420757A22F734B500FD1B5C /* LYSectionView.m in Sources */ = {isa = PBXBuildFile; fileRef = 5420757922F734B500FD1B5C /* LYSectionView.m */; };
		5420757D22F7352500FD1B5C /* BasePullTableViewController.m in Sources */ = {isa = PBXBuildFile; fileRef = 5420757C22F7352500FD1B5C /* BasePullTableViewController.m */; };
		5420758022F7407400FD1B5C /* LYLoginViewModel.m in Sources */ = {isa = PBXBuildFile; fileRef = 5420757F22F7407400FD1B5C /* LYLoginViewModel.m */; };
		5420758322F740C500FD1B5C /* LYLoginModel.m in Sources */ = {isa = PBXBuildFile; fileRef = 5420758222F740C500FD1B5C /* LYLoginModel.m */; };
		5420758822F7466A00FD1B5C /* YXProgressHUDView.m in Sources */ = {isa = PBXBuildFile; fileRef = 5420758622F7466A00FD1B5C /* YXProgressHUDView.m */; };
		5420758C22F74AD800FD1B5C /* AFNetWorkUtils.m in Sources */ = {isa = PBXBuildFile; fileRef = 5420758B22F74AD800FD1B5C /* AFNetWorkUtils.m */; };
		54431B5122F3A773000019DE /* LYFrameWorkHelper.m in Sources */ = {isa = PBXBuildFile; fileRef = 54431B5022F3A773000019DE /* LYFrameWorkHelper.m */; };
		54431B5522F3DDF8000019DE /* LYAdvertisingManager.m in Sources */ = {isa = PBXBuildFile; fileRef = 54431B5422F3DDF8000019DE /* LYAdvertisingManager.m */; };
		54431B5E22F3E405000019DE /* LYLoginViewController.m in Sources */ = {isa = PBXBuildFile; fileRef = 54431B5D22F3E405000019DE /* LYLoginViewController.m */; };
		54431B6422F3E558000019DE /* UIViewController+LYPushStoryBoard.m in Sources */ = {isa = PBXBuildFile; fileRef = 54431B6322F3E558000019DE /* UIViewController+LYPushStoryBoard.m */; };
		54A8548622F4B1F500CEAA3E /* Info.plist in Resources */ = {isa = PBXBuildFile; fileRef = 54E19DE622F2716D003A44ED /* Info.plist */; };
		54A8548922F4B42A00CEAA3E /* UIImage+LYHelper.m in Sources */ = {isa = PBXBuildFile; fileRef = 54A8548822F4B42A00CEAA3E /* UIImage+LYHelper.m */; };
		54DC506222F7A9D70056E7EF /* LYRealReachability.m in Sources */ = {isa = PBXBuildFile; fileRef = 54DC506022F7A9D70056E7EF /* LYRealReachability.m */; };
		54DC506822F7B1730056E7EF /* Utility+File.m in Sources */ = {isa = PBXBuildFile; fileRef = 54DC506722F7B1730056E7EF /* Utility+File.m */; };
		54DC506B22F86C210056E7EF /* LYUrlConst.m in Sources */ = {isa = PBXBuildFile; fileRef = 54DC506A22F86C210056E7EF /* LYUrlConst.m */; };
		54DDD84E22F2A0670053F434 /* LYConstStrings.m in Sources */ = {isa = PBXBuildFile; fileRef = 54DDD84D22F2A0670053F434 /* LYConstStrings.m */; };
		54DE55C322F6E2A100A985D3 /* Utility.m in Sources */ = {isa = PBXBuildFile; fileRef = 54DE55C222F6E2A100A985D3 /* Utility.m */; };
		54DE55EE22F6EDE700A985D3 /* CalculateHelper.m in Sources */ = {isa = PBXBuildFile; fileRef = 54DE55C922F6EDE700A985D3 /* CalculateHelper.m */; };
		54DE55EF22F6EDE700A985D3 /* XYDownMenuViewController.m in Sources */ = {isa = PBXBuildFile; fileRef = 54DE55CA22F6EDE700A985D3 /* XYDownMenuViewController.m */; };
		54DE55F122F6EDE700A985D3 /* NSDate+Category.m in Sources */ = {isa = PBXBuildFile; fileRef = 54DE55CF22F6EDE700A985D3 /* NSDate+Category.m */; };
		54DE55F222F6EDE700A985D3 /* NSArray+Category.m in Sources */ = {isa = PBXBuildFile; fileRef = 54DE55D022F6EDE700A985D3 /* NSArray+Category.m */; };
		54DE55F322F6EDE700A985D3 /* UITableView+Category.m in Sources */ = {isa = PBXBuildFile; fileRef = 54DE55D122F6EDE700A985D3 /* UITableView+Category.m */; };
		54DE55F422F6EDE700A985D3 /* UIImage+Category.m in Sources */ = {isa = PBXBuildFile; fileRef = 54DE55D222F6EDE700A985D3 /* UIImage+Category.m */; };
		54DE55F522F6EDE700A985D3 /* UIImageView+AnimationView.m in Sources */ = {isa = PBXBuildFile; fileRef = 54DE55D422F6EDE700A985D3 /* UIImageView+AnimationView.m */; };
		54DE55F622F6EDE700A985D3 /* UIButton+Category.m in Sources */ = {isa = PBXBuildFile; fileRef = 54DE55D522F6EDE700A985D3 /* UIButton+Category.m */; };
		54DE55F722F6EDE700A985D3 /* UIView+Category.m in Sources */ = {isa = PBXBuildFile; fileRef = 54DE55D722F6EDE700A985D3 /* UIView+Category.m */; };
		54DE55F822F6EDE700A985D3 /* UIDevice+Category.m in Sources */ = {isa = PBXBuildFile; fileRef = 54DE55DA22F6EDE700A985D3 /* UIDevice+Category.m */; };
		54DE55F922F6EDE700A985D3 /* UIBarButtonItem+Category.m in Sources */ = {isa = PBXBuildFile; fileRef = 54DE55DB22F6EDE700A985D3 /* UIBarButtonItem+Category.m */; };
		54DE55FA22F6EDE700A985D3 /* NSBundle+Category.m in Sources */ = {isa = PBXBuildFile; fileRef = 54DE55DD22F6EDE700A985D3 /* NSBundle+Category.m */; };
		54DE55FB22F6EDE700A985D3 /* NSString+Category.m in Sources */ = {isa = PBXBuildFile; fileRef = 54DE55DE22F6EDE700A985D3 /* NSString+Category.m */; };
		54DE55FC22F6EDE700A985D3 /* UIViewController+Category.m in Sources */ = {isa = PBXBuildFile; fileRef = 54DE55E122F6EDE700A985D3 /* UIViewController+Category.m */; };
		54DE55FD22F6EDE700A985D3 /* NSDictionary+Category.m in Sources */ = {isa = PBXBuildFile; fileRef = 54DE55E522F6EDE700A985D3 /* NSDictionary+Category.m */; };
		54DE55FE22F6EDE700A985D3 /* NSObject+Category.m in Sources */ = {isa = PBXBuildFile; fileRef = 54DE55E622F6EDE700A985D3 /* NSObject+Category.m */; };
		54DE55FF22F6EDE700A985D3 /* UIColor+Category.m in Sources */ = {isa = PBXBuildFile; fileRef = 54DE55E722F6EDE700A985D3 /* UIColor+Category.m */; };
		54E19DCF22F26FC9003A44ED /* AppDelegate.m in Sources */ = {isa = PBXBuildFile; fileRef = 54E19DCE22F26FC9003A44ED /* AppDelegate.m */; };
		54E19DD522F26FC9003A44ED /* Main.storyboard in Resources */ = {isa = PBXBuildFile; fileRef = 54E19DD322F26FC9003A44ED /* Main.storyboard */; };
		54E19DD722F26FCA003A44ED /* Assets.xcassets in Resources */ = {isa = PBXBuildFile; fileRef = 54E19DD622F26FCA003A44ED /* Assets.xcassets */; };
		54E19DDA22F26FCA003A44ED /* LaunchScreen.storyboard in Resources */ = {isa = PBXBuildFile; fileRef = 54E19DD822F26FCA003A44ED /* LaunchScreen.storyboard */; };
		54E19DDD22F26FCA003A44ED /* main.m in Sources */ = {isa = PBXBuildFile; fileRef = 54E19DDC22F26FCA003A44ED /* main.m */; };
		54E19DEE22F27517003A44ED /* Images.xcassets in Resources */ = {isa = PBXBuildFile; fileRef = 54E19DED22F27517003A44ED /* Images.xcassets */; };
		54E2199622F2F2EF0060CE55 /* LYAppManager.m in Sources */ = {isa = PBXBuildFile; fileRef = 54E2199522F2F2EF0060CE55 /* LYAppManager.m */; };
		54E2199922F2F3960060CE55 /* LYAppearance.m in Sources */ = {isa = PBXBuildFile; fileRef = 54E2199822F2F3960060CE55 /* LYAppearance.m */; };
		54E2199D22F2F6970060CE55 /* UIColor+LYHelper.m in Sources */ = {isa = PBXBuildFile; fileRef = 54E2199C22F2F6970060CE55 /* UIColor+LYHelper.m */; };
		D1EFF4287961F597CC438EB8 /* Pods_LYFrameDemo.framework in Frameworks */ = {isa = PBXBuildFile; fileRef = B203689A2C0E25F4E4F1B10A /* Pods_LYFrameDemo.framework */; };
/* End PBXBuildFile section */

/* Begin PBXFileReference section */
		5408ADC722F9CA380032D524 /* LYConversationListController.h */ = {isa = PBXFileReference; lastKnownFileType = sourcecode.c.h; path = LYConversationListController.h; sourceTree = "<group>"; };
		5408ADC822F9CA380032D524 /* LYConversationListController.m */ = {isa = PBXFileReference; lastKnownFileType = sourcecode.c.objc; path = LYConversationListController.m; sourceTree = "<group>"; };
		5408ADCA22F9CA4C0032D524 /* LYHanMissionViewController.h */ = {isa = PBXFileReference; lastKnownFileType = sourcecode.c.h; path = LYHanMissionViewController.h; sourceTree = "<group>"; };
		5408ADCB22F9CA4C0032D524 /* LYHanMissionViewController.m */ = {isa = PBXFileReference; lastKnownFileType = sourcecode.c.objc; path = LYHanMissionViewController.m; sourceTree = "<group>"; };
		5408ADCD22F9CA640032D524 /* LYApplicationMainController.h */ = {isa = PBXFileReference; lastKnownFileType = sourcecode.c.h; path = LYApplicationMainController.h; sourceTree = "<group>"; };
		5408ADCE22F9CA640032D524 /* LYApplicationMainController.m */ = {isa = PBXFileReference; lastKnownFileType = sourcecode.c.objc; path = LYApplicationMainController.m; sourceTree = "<group>"; };
		5408ADD022F9CA860032D524 /* LYHanChuanCircleViewController.h */ = {isa = PBXFileReference; lastKnownFileType = sourcecode.c.h; path = LYHanChuanCircleViewController.h; sourceTree = "<group>"; };
		5408ADD122F9CA860032D524 /* LYHanChuanCircleViewController.m */ = {isa = PBXFileReference; lastKnownFileType = sourcecode.c.objc; path = LYHanChuanCircleViewController.m; sourceTree = "<group>"; };
		5408ADDD22F9CB160032D524 /* LYMeTableViewController.h */ = {isa = PBXFileReference; lastKnownFileType = sourcecode.c.h; path = LYMeTableViewController.h; sourceTree = "<group>"; };
		5408ADDE22F9CB160032D524 /* LYMeTableViewController.m */ = {isa = PBXFileReference; lastKnownFileType = sourcecode.c.objc; path = LYMeTableViewController.m; sourceTree = "<group>"; };
		5408ADE022F9CE410032D524 /* MyProfile.storyboard */ = {isa = PBXFileReference; lastKnownFileType = file.storyboard; path = MyProfile.storyboard; sourceTree = "<group>"; };
		5420754F22F7244100FD1B5C /* LYBaseModel.h */ = {isa = PBXFileReference; lastKnownFileType = sourcecode.c.h; path = LYBaseModel.h; sourceTree = "<group>"; };
		5420755022F7244100FD1B5C /* LYBaseModel.m */ = {isa = PBXFileReference; lastKnownFileType = sourcecode.c.objc; path = LYBaseModel.m; sourceTree = "<group>"; };
		5420755322F724DC00FD1B5C /* LYTabBarController.h */ = {isa = PBXFileReference; lastKnownFileType = sourcecode.c.h; path = LYTabBarController.h; sourceTree = "<group>"; };
		5420755422F724DC00FD1B5C /* LYTabBarController.m */ = {isa = PBXFileReference; lastKnownFileType = sourcecode.c.objc; path = LYTabBarController.m; sourceTree = "<group>"; };
		5420755622F7257D00FD1B5C /* LYTabBarMenusModel.h */ = {isa = PBXFileReference; lastKnownFileType = sourcecode.c.h; path = LYTabBarMenusModel.h; sourceTree = "<group>"; };
		5420755722F7257D00FD1B5C /* LYTabBarMenusModel.m */ = {isa = PBXFileReference; lastKnownFileType = sourcecode.c.objc; path = LYTabBarMenusModel.m; sourceTree = "<group>"; };
		5420755B22F725DB00FD1B5C /* HTTabBarMenus.plist */ = {isa = PBXFileReference; fileEncoding = 4; lastKnownFileType = text.plist.xml; path = HTTabBarMenus.plist; sourceTree = "<group>"; };
		5420755D22F726FF00FD1B5C /* LYBaseNavigationController.h */ = {isa = PBXFileReference; lastKnownFileType = sourcecode.c.h; path = LYBaseNavigationController.h; sourceTree = "<group>"; };
		5420755E22F726FF00FD1B5C /* LYBaseNavigationController.m */ = {isa = PBXFileReference; lastKnownFileType = sourcecode.c.objc; path = LYBaseNavigationController.m; sourceTree = "<group>"; };
		5420756422F72DC200FD1B5C /* LYBaseViewController.h */ = {isa = PBXFileReference; lastKnownFileType = sourcecode.c.h; path = LYBaseViewController.h; sourceTree = "<group>"; };
		5420756522F72DC200FD1B5C /* LYBaseViewController.m */ = {isa = PBXFileReference; lastKnownFileType = sourcecode.c.objc; path = LYBaseViewController.m; sourceTree = "<group>"; };
		5420756922F72F9F00FD1B5C /* LYNavigationTitleView.m */ = {isa = PBXFileReference; fileEncoding = 4; lastKnownFileType = sourcecode.c.objc; path = LYNavigationTitleView.m; sourceTree = "<group>"; };
		5420756A22F72F9F00FD1B5C /* LYNavigationTitleView.h */ = {isa = PBXFileReference; fileEncoding = 4; lastKnownFileType = sourcecode.c.h; path = LYNavigationTitleView.h; sourceTree = "<group>"; };
		5420756B22F72F9F00FD1B5C /* LYNavigationTitleView.xib */ = {isa = PBXFileReference; fileEncoding = 4; lastKnownFileType = file.xib; path = LYNavigationTitleView.xib; sourceTree = "<group>"; };
		5420756E22F730A700FD1B5C /* UIView+Helper.m */ = {isa = PBXFileReference; fileEncoding = 4; lastKnownFileType = sourcecode.c.objc; path = "UIView+Helper.m"; sourceTree = "<group>"; };
		5420756F22F730A700FD1B5C /* UIView+Helper.h */ = {isa = PBXFileReference; fileEncoding = 4; lastKnownFileType = sourcecode.c.h; path = "UIView+Helper.h"; sourceTree = "<group>"; };
		5420757122F732C600FD1B5C /* UIViewController+NavBarLoading.h */ = {isa = PBXFileReference; fileEncoding = 4; lastKnownFileType = sourcecode.c.h; path = "UIViewController+NavBarLoading.h"; sourceTree = "<group>"; };
		5420757222F732C700FD1B5C /* UIViewController+NavBarLoading.m */ = {isa = PBXFileReference; fileEncoding = 4; lastKnownFileType = sourcecode.c.objc; path = "UIViewController+NavBarLoading.m"; sourceTree = "<group>"; };
		5420757422F7341100FD1B5C /* LYBaseTableViewController.h */ = {isa = PBXFileReference; lastKnownFileType = sourcecode.c.h; path = LYBaseTableViewController.h; sourceTree = "<group>"; };
		5420757522F7341100FD1B5C /* LYBaseTableViewController.m */ = {isa = PBXFileReference; lastKnownFileType = sourcecode.c.objc; path = LYBaseTableViewController.m; sourceTree = "<group>"; };
		5420757822F734B500FD1B5C /* LYSectionView.h */ = {isa = PBXFileReference; lastKnownFileType = sourcecode.c.h; path = LYSectionView.h; sourceTree = "<group>"; };
		5420757922F734B500FD1B5C /* LYSectionView.m */ = {isa = PBXFileReference; lastKnownFileType = sourcecode.c.objc; path = LYSectionView.m; sourceTree = "<group>"; };
		5420757B22F7352500FD1B5C /* BasePullTableViewController.h */ = {isa = PBXFileReference; lastKnownFileType = sourcecode.c.h; path = BasePullTableViewController.h; sourceTree = "<group>"; };
		5420757C22F7352500FD1B5C /* BasePullTableViewController.m */ = {isa = PBXFileReference; lastKnownFileType = sourcecode.c.objc; path = BasePullTableViewController.m; sourceTree = "<group>"; };
		5420757E22F7407400FD1B5C /* LYLoginViewModel.h */ = {isa = PBXFileReference; lastKnownFileType = sourcecode.c.h; path = LYLoginViewModel.h; sourceTree = "<group>"; };
		5420757F22F7407400FD1B5C /* LYLoginViewModel.m */ = {isa = PBXFileReference; lastKnownFileType = sourcecode.c.objc; path = LYLoginViewModel.m; sourceTree = "<group>"; };
		5420758122F740C500FD1B5C /* LYLoginModel.h */ = {isa = PBXFileReference; lastKnownFileType = sourcecode.c.h; path = LYLoginModel.h; sourceTree = "<group>"; };
		5420758222F740C500FD1B5C /* LYLoginModel.m */ = {isa = PBXFileReference; lastKnownFileType = sourcecode.c.objc; path = LYLoginModel.m; sourceTree = "<group>"; };
		5420758522F7466A00FD1B5C /* YXProgressHUDView.h */ = {isa = PBXFileReference; fileEncoding = 4; lastKnownFileType = sourcecode.c.h; path = YXProgressHUDView.h; sourceTree = "<group>"; };
		5420758622F7466A00FD1B5C /* YXProgressHUDView.m */ = {isa = PBXFileReference; fileEncoding = 4; lastKnownFileType = sourcecode.c.objc; path = YXProgressHUDView.m; sourceTree = "<group>"; };
		5420758722F7466A00FD1B5C /* HUD_Configuration.h */ = {isa = PBXFileReference; fileEncoding = 4; lastKnownFileType = sourcecode.c.h; path = HUD_Configuration.h; sourceTree = "<group>"; };
		5420758A22F74AD800FD1B5C /* AFNetWorkUtils.h */ = {isa = PBXFileReference; lastKnownFileType = sourcecode.c.h; path = AFNetWorkUtils.h; sourceTree = "<group>"; };
		5420758B22F74AD800FD1B5C /* AFNetWorkUtils.m */ = {isa = PBXFileReference; lastKnownFileType = sourcecode.c.objc; path = AFNetWorkUtils.m; sourceTree = "<group>"; };
		54431B4F22F3A773000019DE /* LYFrameWorkHelper.h */ = {isa = PBXFileReference; lastKnownFileType = sourcecode.c.h; path = LYFrameWorkHelper.h; sourceTree = "<group>"; };
		54431B5022F3A773000019DE /* LYFrameWorkHelper.m */ = {isa = PBXFileReference; lastKnownFileType = sourcecode.c.objc; path = LYFrameWorkHelper.m; sourceTree = "<group>"; };
		54431B5322F3DDF8000019DE /* LYAdvertisingManager.h */ = {isa = PBXFileReference; lastKnownFileType = sourcecode.c.h; path = LYAdvertisingManager.h; sourceTree = "<group>"; };
		54431B5422F3DDF8000019DE /* LYAdvertisingManager.m */ = {isa = PBXFileReference; lastKnownFileType = sourcecode.c.objc; path = LYAdvertisingManager.m; sourceTree = "<group>"; };
		54431B5C22F3E405000019DE /* LYLoginViewController.h */ = {isa = PBXFileReference; lastKnownFileType = sourcecode.c.h; path = LYLoginViewController.h; sourceTree = "<group>"; };
		54431B5D22F3E405000019DE /* LYLoginViewController.m */ = {isa = PBXFileReference; lastKnownFileType = sourcecode.c.objc; path = LYLoginViewController.m; sourceTree = "<group>"; };
		54431B6222F3E558000019DE /* UIViewController+LYPushStoryBoard.h */ = {isa = PBXFileReference; lastKnownFileType = sourcecode.c.h; path = "UIViewController+LYPushStoryBoard.h"; sourceTree = "<group>"; };
		54431B6322F3E558000019DE /* UIViewController+LYPushStoryBoard.m */ = {isa = PBXFileReference; lastKnownFileType = sourcecode.c.objc; path = "UIViewController+LYPushStoryBoard.m"; sourceTree = "<group>"; };
		54A8548722F4B42A00CEAA3E /* UIImage+LYHelper.h */ = {isa = PBXFileReference; lastKnownFileType = sourcecode.c.h; path = "UIImage+LYHelper.h"; sourceTree = "<group>"; };
		54A8548822F4B42A00CEAA3E /* UIImage+LYHelper.m */ = {isa = PBXFileReference; lastKnownFileType = sourcecode.c.objc; path = "UIImage+LYHelper.m"; sourceTree = "<group>"; };
		54DC506022F7A9D70056E7EF /* LYRealReachability.m */ = {isa = PBXFileReference; fileEncoding = 4; lastKnownFileType = sourcecode.c.objc; path = LYRealReachability.m; sourceTree = "<group>"; };
		54DC506122F7A9D70056E7EF /* LYRealReachability.h */ = {isa = PBXFileReference; fileEncoding = 4; lastKnownFileType = sourcecode.c.h; path = LYRealReachability.h; sourceTree = "<group>"; };
		54DC506622F7B1730056E7EF /* Utility+File.h */ = {isa = PBXFileReference; fileEncoding = 4; lastKnownFileType = sourcecode.c.h; path = "Utility+File.h"; sourceTree = "<group>"; };
		54DC506722F7B1730056E7EF /* Utility+File.m */ = {isa = PBXFileReference; fileEncoding = 4; lastKnownFileType = sourcecode.c.objc; path = "Utility+File.m"; sourceTree = "<group>"; };
		54DC506922F86C210056E7EF /* LYUrlConst.h */ = {isa = PBXFileReference; lastKnownFileType = sourcecode.c.h; path = LYUrlConst.h; sourceTree = "<group>"; };
		54DC506A22F86C210056E7EF /* LYUrlConst.m */ = {isa = PBXFileReference; lastKnownFileType = sourcecode.c.objc; path = LYUrlConst.m; sourceTree = "<group>"; };
		54DDD84922F29E2A0053F434 /* LYColors.h */ = {isa = PBXFileReference; lastKnownFileType = sourcecode.c.h; path = LYColors.h; sourceTree = "<group>"; };
		54DDD84A22F29E4B0053F434 /* LYNotification.h */ = {isa = PBXFileReference; lastKnownFileType = sourcecode.c.h; path = LYNotification.h; sourceTree = "<group>"; };
		54DDD84B22F29EA30053F434 /* LYConst.h */ = {isa = PBXFileReference; lastKnownFileType = sourcecode.c.h; path = LYConst.h; sourceTree = "<group>"; };
		54DDD84C22F2A0670053F434 /* LYConstStrings.h */ = {isa = PBXFileReference; lastKnownFileType = sourcecode.c.h; path = LYConstStrings.h; sourceTree = "<group>"; };
		54DDD84D22F2A0670053F434 /* LYConstStrings.m */ = {isa = PBXFileReference; lastKnownFileType = sourcecode.c.objc; path = LYConstStrings.m; sourceTree = "<group>"; };
		54DE55C122F6E2A100A985D3 /* Utility.h */ = {isa = PBXFileReference; lastKnownFileType = sourcecode.c.h; path = Utility.h; sourceTree = "<group>"; };
		54DE55C222F6E2A100A985D3 /* Utility.m */ = {isa = PBXFileReference; lastKnownFileType = sourcecode.c.objc; path = Utility.m; sourceTree = "<group>"; };
		54DE55C722F6EDE700A985D3 /* CalculateHelper.h */ = {isa = PBXFileReference; fileEncoding = 4; lastKnownFileType = sourcecode.c.h; path = CalculateHelper.h; sourceTree = "<group>"; };
		54DE55C822F6EDE700A985D3 /* XYDownMenuViewController.h */ = {isa = PBXFileReference; fileEncoding = 4; lastKnownFileType = sourcecode.c.h; path = XYDownMenuViewController.h; sourceTree = "<group>"; };
		54DE55C922F6EDE700A985D3 /* CalculateHelper.m */ = {isa = PBXFileReference; fileEncoding = 4; lastKnownFileType = sourcecode.c.objc; path = CalculateHelper.m; sourceTree = "<group>"; };
		54DE55CA22F6EDE700A985D3 /* XYDownMenuViewController.m */ = {isa = PBXFileReference; fileEncoding = 4; lastKnownFileType = sourcecode.c.objc; path = XYDownMenuViewController.m; sourceTree = "<group>"; };
		54DE55CD22F6EDE700A985D3 /* NSBundle+Category.h */ = {isa = PBXFileReference; fileEncoding = 4; lastKnownFileType = sourcecode.c.h; path = "NSBundle+Category.h"; sourceTree = "<group>"; };
		54DE55CE22F6EDE700A985D3 /* NSString+Category.h */ = {isa = PBXFileReference; fileEncoding = 4; lastKnownFileType = sourcecode.c.h; path = "NSString+Category.h"; sourceTree = "<group>"; };
		54DE55CF22F6EDE700A985D3 /* NSDate+Category.m */ = {isa = PBXFileReference; fileEncoding = 4; lastKnownFileType = sourcecode.c.objc; path = "NSDate+Category.m"; sourceTree = "<group>"; };
		54DE55D022F6EDE700A985D3 /* NSArray+Category.m */ = {isa = PBXFileReference; fileEncoding = 4; lastKnownFileType = sourcecode.c.objc; path = "NSArray+Category.m"; sourceTree = "<group>"; };
		54DE55D122F6EDE700A985D3 /* UITableView+Category.m */ = {isa = PBXFileReference; fileEncoding = 4; lastKnownFileType = sourcecode.c.objc; path = "UITableView+Category.m"; sourceTree = "<group>"; };
		54DE55D222F6EDE700A985D3 /* UIImage+Category.m */ = {isa = PBXFileReference; fileEncoding = 4; lastKnownFileType = sourcecode.c.objc; path = "UIImage+Category.m"; sourceTree = "<group>"; };
		54DE55D322F6EDE700A985D3 /* UIViewController+Category.h */ = {isa = PBXFileReference; fileEncoding = 4; lastKnownFileType = sourcecode.c.h; path = "UIViewController+Category.h"; sourceTree = "<group>"; };
		54DE55D422F6EDE700A985D3 /* UIImageView+AnimationView.m */ = {isa = PBXFileReference; fileEncoding = 4; lastKnownFileType = sourcecode.c.objc; path = "UIImageView+AnimationView.m"; sourceTree = "<group>"; };
		54DE55D522F6EDE700A985D3 /* UIButton+Category.m */ = {isa = PBXFileReference; fileEncoding = 4; lastKnownFileType = sourcecode.c.objc; path = "UIButton+Category.m"; sourceTree = "<group>"; };
		54DE55D622F6EDE700A985D3 /* UIColor+Category.h */ = {isa = PBXFileReference; fileEncoding = 4; lastKnownFileType = sourcecode.c.h; path = "UIColor+Category.h"; sourceTree = "<group>"; };
		54DE55D722F6EDE700A985D3 /* UIView+Category.m */ = {isa = PBXFileReference; fileEncoding = 4; lastKnownFileType = sourcecode.c.objc; path = "UIView+Category.m"; sourceTree = "<group>"; };
		54DE55D822F6EDE700A985D3 /* NSObject+Category.h */ = {isa = PBXFileReference; fileEncoding = 4; lastKnownFileType = sourcecode.c.h; path = "NSObject+Category.h"; sourceTree = "<group>"; };
		54DE55D922F6EDE700A985D3 /* NSDictionary+Category.h */ = {isa = PBXFileReference; fileEncoding = 4; lastKnownFileType = sourcecode.c.h; path = "NSDictionary+Category.h"; sourceTree = "<group>"; };
		54DE55DA22F6EDE700A985D3 /* UIDevice+Category.m */ = {isa = PBXFileReference; fileEncoding = 4; lastKnownFileType = sourcecode.c.objc; path = "UIDevice+Category.m"; sourceTree = "<group>"; };
		54DE55DB22F6EDE700A985D3 /* UIBarButtonItem+Category.m */ = {isa = PBXFileReference; fileEncoding = 4; lastKnownFileType = sourcecode.c.objc; path = "UIBarButtonItem+Category.m"; sourceTree = "<group>"; };
		54DE55DC22F6EDE700A985D3 /* NSDate+Category.h */ = {isa = PBXFileReference; fileEncoding = 4; lastKnownFileType = sourcecode.c.h; path = "NSDate+Category.h"; sourceTree = "<group>"; };
		54DE55DD22F6EDE700A985D3 /* NSBundle+Category.m */ = {isa = PBXFileReference; fileEncoding = 4; lastKnownFileType = sourcecode.c.objc; path = "NSBundle+Category.m"; sourceTree = "<group>"; };
		54DE55DE22F6EDE700A985D3 /* NSString+Category.m */ = {isa = PBXFileReference; fileEncoding = 4; lastKnownFileType = sourcecode.c.objc; path = "NSString+Category.m"; sourceTree = "<group>"; };
		54DE55E022F6EDE700A985D3 /* UIImageView+AnimationView.h */ = {isa = PBXFileReference; fileEncoding = 4; lastKnownFileType = sourcecode.c.h; path = "UIImageView+AnimationView.h"; sourceTree = "<group>"; };
		54DE55E122F6EDE700A985D3 /* UIViewController+Category.m */ = {isa = PBXFileReference; fileEncoding = 4; lastKnownFileType = sourcecode.c.objc; path = "UIViewController+Category.m"; sourceTree = "<group>"; };
		54DE55E222F6EDE700A985D3 /* UIImage+Category.h */ = {isa = PBXFileReference; fileEncoding = 4; lastKnownFileType = sourcecode.c.h; path = "UIImage+Category.h"; sourceTree = "<group>"; };
		54DE55E322F6EDE700A985D3 /* UITableView+Category.h */ = {isa = PBXFileReference; fileEncoding = 4; lastKnownFileType = sourcecode.c.h; path = "UITableView+Category.h"; sourceTree = "<group>"; };
		54DE55E422F6EDE700A985D3 /* NSArray+Category.h */ = {isa = PBXFileReference; fileEncoding = 4; lastKnownFileType = sourcecode.c.h; path = "NSArray+Category.h"; sourceTree = "<group>"; };
		54DE55E522F6EDE700A985D3 /* NSDictionary+Category.m */ = {isa = PBXFileReference; fileEncoding = 4; lastKnownFileType = sourcecode.c.objc; path = "NSDictionary+Category.m"; sourceTree = "<group>"; };
		54DE55E622F6EDE700A985D3 /* NSObject+Category.m */ = {isa = PBXFileReference; fileEncoding = 4; lastKnownFileType = sourcecode.c.objc; path = "NSObject+Category.m"; sourceTree = "<group>"; };
		54DE55E722F6EDE700A985D3 /* UIColor+Category.m */ = {isa = PBXFileReference; fileEncoding = 4; lastKnownFileType = sourcecode.c.objc; path = "UIColor+Category.m"; sourceTree = "<group>"; };
		54DE55E822F6EDE700A985D3 /* UIView+Category.h */ = {isa = PBXFileReference; fileEncoding = 4; lastKnownFileType = sourcecode.c.h; path = "UIView+Category.h"; sourceTree = "<group>"; };
		54DE55E922F6EDE700A985D3 /* UIButton+Category.h */ = {isa = PBXFileReference; fileEncoding = 4; lastKnownFileType = sourcecode.c.h; path = "UIButton+Category.h"; sourceTree = "<group>"; };
		54DE55EA22F6EDE700A985D3 /* UIDevice+Category.h */ = {isa = PBXFileReference; fileEncoding = 4; lastKnownFileType = sourcecode.c.h; path = "UIDevice+Category.h"; sourceTree = "<group>"; };
		54DE55EB22F6EDE700A985D3 /* UIBarButtonItem+Category.h */ = {isa = PBXFileReference; fileEncoding = 4; lastKnownFileType = sourcecode.c.h; path = "UIBarButtonItem+Category.h"; sourceTree = "<group>"; };
		54DE55EC22F6EDE700A985D3 /* YXKitHeader.h */ = {isa = PBXFileReference; fileEncoding = 4; lastKnownFileType = sourcecode.c.h; path = YXKitHeader.h; sourceTree = "<group>"; };
		54DE55ED22F6EDE700A985D3 /* YXKitTool.h */ = {isa = PBXFileReference; fileEncoding = 4; lastKnownFileType = sourcecode.c.h; path = YXKitTool.h; sourceTree = "<group>"; };
		54E19DCA22F26FC9003A44ED /* LYFrameDemo.app */ = {isa = PBXFileReference; explicitFileType = wrapper.application; includeInIndex = 0; path = LYFrameDemo.app; sourceTree = BUILT_PRODUCTS_DIR; };
		54E19DCD22F26FC9003A44ED /* AppDelegate.h */ = {isa = PBXFileReference; lastKnownFileType = sourcecode.c.h; path = AppDelegate.h; sourceTree = "<group>"; };
		54E19DCE22F26FC9003A44ED /* AppDelegate.m */ = {isa = PBXFileReference; lastKnownFileType = sourcecode.c.objc; path = AppDelegate.m; sourceTree = "<group>"; };
		54E19DD422F26FC9003A44ED /* Base */ = {isa = PBXFileReference; lastKnownFileType = file.storyboard; name = Base; path = Base.lproj/Main.storyboard; sourceTree = "<group>"; };
		54E19DD622F26FCA003A44ED /* Assets.xcassets */ = {isa = PBXFileReference; lastKnownFileType = folder.assetcatalog; path = Assets.xcassets; sourceTree = "<group>"; };
		54E19DD922F26FCA003A44ED /* Base */ = {isa = PBXFileReference; lastKnownFileType = file.storyboard; name = Base; path = Base.lproj/LaunchScreen.storyboard; sourceTree = "<group>"; };
		54E19DDC22F26FCA003A44ED /* main.m */ = {isa = PBXFileReference; lastKnownFileType = sourcecode.c.objc; path = main.m; sourceTree = "<group>"; };
		54E19DE622F2716D003A44ED /* Info.plist */ = {isa = PBXFileReference; fileEncoding = 4; lastKnownFileType = text.plist.xml; path = Info.plist; sourceTree = "<group>"; };
		54E19DED22F27517003A44ED /* Images.xcassets */ = {isa = PBXFileReference; lastKnownFileType = folder.assetcatalog; path = Images.xcassets; sourceTree = "<group>"; };
		54E2199022F2F20C0060CE55 /* Enumeration.h */ = {isa = PBXFileReference; lastKnownFileType = sourcecode.c.h; path = Enumeration.h; sourceTree = "<group>"; };
		54E2199422F2F2EF0060CE55 /* LYAppManager.h */ = {isa = PBXFileReference; lastKnownFileType = sourcecode.c.h; path = LYAppManager.h; sourceTree = "<group>"; };
		54E2199522F2F2EF0060CE55 /* LYAppManager.m */ = {isa = PBXFileReference; lastKnownFileType = sourcecode.c.objc; path = LYAppManager.m; sourceTree = "<group>"; };
		54E2199722F2F3960060CE55 /* LYAppearance.h */ = {isa = PBXFileReference; lastKnownFileType = sourcecode.c.h; path = LYAppearance.h; sourceTree = "<group>"; };
		54E2199822F2F3960060CE55 /* LYAppearance.m */ = {isa = PBXFileReference; lastKnownFileType = sourcecode.c.objc; path = LYAppearance.m; sourceTree = "<group>"; };
		54E2199A22F2F4190060CE55 /* LYFrameDemo.pch */ = {isa = PBXFileReference; lastKnownFileType = sourcecode.c.h; path = LYFrameDemo.pch; sourceTree = "<group>"; };
		54E2199B22F2F6970060CE55 /* UIColor+LYHelper.h */ = {isa = PBXFileReference; fileEncoding = 4; lastKnownFileType = sourcecode.c.h; path = "UIColor+LYHelper.h"; sourceTree = "<group>"; };
		54E2199C22F2F6970060CE55 /* UIColor+LYHelper.m */ = {isa = PBXFileReference; fileEncoding = 4; lastKnownFileType = sourcecode.c.objc; path = "UIColor+LYHelper.m"; sourceTree = "<group>"; };
		79AB06C279D8C35FCE69B0F2 /* Pods-LYFrameDemo.release.xcconfig */ = {isa = PBXFileReference; includeInIndex = 1; lastKnownFileType = text.xcconfig; name = "Pods-LYFrameDemo.release.xcconfig"; path = "Target Support Files/Pods-LYFrameDemo/Pods-LYFrameDemo.release.xcconfig"; sourceTree = "<group>"; };
		B203689A2C0E25F4E4F1B10A /* Pods_LYFrameDemo.framework */ = {isa = PBXFileReference; explicitFileType = wrapper.framework; includeInIndex = 0; path = Pods_LYFrameDemo.framework; sourceTree = BUILT_PRODUCTS_DIR; };
		B4859273E0C15103BF8D4D1C /* Pods-LYFrameDemo.debug.xcconfig */ = {isa = PBXFileReference; includeInIndex = 1; lastKnownFileType = text.xcconfig; name = "Pods-LYFrameDemo.debug.xcconfig"; path = "Target Support Files/Pods-LYFrameDemo/Pods-LYFrameDemo.debug.xcconfig"; sourceTree = "<group>"; };
/* End PBXFileReference section */

/* Begin PBXFrameworksBuildPhase section */
		54E19DC722F26FC9003A44ED /* Frameworks */ = {
			isa = PBXFrameworksBuildPhase;
			buildActionMask = 2147483647;
			files = (
				D1EFF4287961F597CC438EB8 /* Pods_LYFrameDemo.framework in Frameworks */,
			);
			runOnlyForDeploymentPostprocessing = 0;
		};
/* End PBXFrameworksBuildPhase section */

/* Begin PBXGroup section */
		5408ADB322F9CA210032D524 /* temp2 */ = {
			isa = PBXGroup;
			children = (
				5408ADB422F9CA210032D524 /* ViewModel */,
				5408ADB522F9CA210032D524 /* Model */,
				5408ADB622F9CA210032D524 /* Controllers */,
				5408ADB722F9CA210032D524 /* Views */,
			);
			path = temp2;
			sourceTree = "<group>";
		};
		5408ADB422F9CA210032D524 /* ViewModel */ = {
			isa = PBXGroup;
			children = (
			);
			path = ViewModel;
			sourceTree = "<group>";
		};
		5408ADB522F9CA210032D524 /* Model */ = {
			isa = PBXGroup;
			children = (
			);
			path = Model;
			sourceTree = "<group>";
		};
		5408ADB622F9CA210032D524 /* Controllers */ = {
			isa = PBXGroup;
			children = (
				5408ADCA22F9CA4C0032D524 /* LYHanMissionViewController.h */,
				5408ADCB22F9CA4C0032D524 /* LYHanMissionViewController.m */,
			);
			path = Controllers;
			sourceTree = "<group>";
		};
		5408ADB722F9CA210032D524 /* Views */ = {
			isa = PBXGroup;
			children = (
			);
			path = Views;
			sourceTree = "<group>";
		};
		5408ADB822F9CA210032D524 /* temp3 */ = {
			isa = PBXGroup;
			children = (
				5408ADB922F9CA210032D524 /* ViewModel */,
				5408ADBA22F9CA210032D524 /* Model */,
				5408ADBB22F9CA210032D524 /* Controllers */,
				5408ADBC22F9CA210032D524 /* Views */,
			);
			path = temp3;
			sourceTree = "<group>";
		};
		5408ADB922F9CA210032D524 /* ViewModel */ = {
			isa = PBXGroup;
			children = (
			);
			path = ViewModel;
			sourceTree = "<group>";
		};
		5408ADBA22F9CA210032D524 /* Model */ = {
			isa = PBXGroup;
			children = (
			);
			path = Model;
			sourceTree = "<group>";
		};
		5408ADBB22F9CA210032D524 /* Controllers */ = {
			isa = PBXGroup;
			children = (
				5408ADCD22F9CA640032D524 /* LYApplicationMainController.h */,
				5408ADCE22F9CA640032D524 /* LYApplicationMainController.m */,
			);
			path = Controllers;
			sourceTree = "<group>";
		};
		5408ADBC22F9CA210032D524 /* Views */ = {
			isa = PBXGroup;
			children = (
			);
			path = Views;
			sourceTree = "<group>";
		};
		5408ADBD22F9CA210032D524 /* temp4 */ = {
			isa = PBXGroup;
			children = (
				5408ADBE22F9CA210032D524 /* ViewModel */,
				5408ADBF22F9CA210032D524 /* Model */,
				5408ADC022F9CA210032D524 /* Controllers */,
				5408ADC122F9CA210032D524 /* Views */,
			);
			path = temp4;
			sourceTree = "<group>";
		};
		5408ADBE22F9CA210032D524 /* ViewModel */ = {
			isa = PBXGroup;
			children = (
			);
			path = ViewModel;
			sourceTree = "<group>";
		};
		5408ADBF22F9CA210032D524 /* Model */ = {
			isa = PBXGroup;
			children = (
			);
			path = Model;
			sourceTree = "<group>";
		};
		5408ADC022F9CA210032D524 /* Controllers */ = {
			isa = PBXGroup;
			children = (
				5408ADD022F9CA860032D524 /* LYHanChuanCircleViewController.h */,
				5408ADD122F9CA860032D524 /* LYHanChuanCircleViewController.m */,
			);
			path = Controllers;
			sourceTree = "<group>";
		};
		5408ADC122F9CA210032D524 /* Views */ = {
			isa = PBXGroup;
			children = (
			);
			path = Views;
			sourceTree = "<group>";
		};
		5408ADC222F9CA210032D524 /* temp1 */ = {
			isa = PBXGroup;
			children = (
				5408ADC322F9CA210032D524 /* ViewModel */,
				5408ADC422F9CA210032D524 /* Model */,
				5408ADC522F9CA210032D524 /* Controllers */,
				5408ADC622F9CA210032D524 /* Views */,
			);
			path = temp1;
			sourceTree = "<group>";
		};
		5408ADC322F9CA210032D524 /* ViewModel */ = {
			isa = PBXGroup;
			children = (
			);
			path = ViewModel;
			sourceTree = "<group>";
		};
		5408ADC422F9CA210032D524 /* Model */ = {
			isa = PBXGroup;
			children = (
			);
			path = Model;
			sourceTree = "<group>";
		};
		5408ADC522F9CA210032D524 /* Controllers */ = {
			isa = PBXGroup;
			children = (
				5408ADC722F9CA380032D524 /* LYConversationListController.h */,
				5408ADC822F9CA380032D524 /* LYConversationListController.m */,
			);
			path = Controllers;
			sourceTree = "<group>";
		};
		5408ADC622F9CA210032D524 /* Views */ = {
			isa = PBXGroup;
			children = (
			);
			path = Views;
			sourceTree = "<group>";
		};
		5408ADD822F9CB000032D524 /* temp5 */ = {
			isa = PBXGroup;
			children = (
				5408ADD922F9CB000032D524 /* ViewModel */,
				5408ADDA22F9CB000032D524 /* Model */,
				5408ADDB22F9CB000032D524 /* Controllers */,
				5408ADDC22F9CB000032D524 /* Views */,
			);
			path = temp5;
			sourceTree = "<group>";
		};
		5408ADD922F9CB000032D524 /* ViewModel */ = {
			isa = PBXGroup;
			children = (
			);
			path = ViewModel;
			sourceTree = "<group>";
		};
		5408ADDA22F9CB000032D524 /* Model */ = {
			isa = PBXGroup;
			children = (
			);
			path = Model;
			sourceTree = "<group>";
		};
		5408ADDB22F9CB000032D524 /* Controllers */ = {
			isa = PBXGroup;
			children = (
				5408ADDD22F9CB160032D524 /* LYMeTableViewController.h */,
				5408ADDE22F9CB160032D524 /* LYMeTableViewController.m */,
			);
			path = Controllers;
			sourceTree = "<group>";
		};
		5408ADDC22F9CB000032D524 /* Views */ = {
			isa = PBXGroup;
			children = (
				5408ADE022F9CE410032D524 /* MyProfile.storyboard */,
			);
			path = Views;
			sourceTree = "<group>";
		};
		5420754E22F6FF8100FD1B5C /* Base */ = {
			isa = PBXGroup;
			children = (
				5420754F22F7244100FD1B5C /* LYBaseModel.h */,
				5420755022F7244100FD1B5C /* LYBaseModel.m */,
				5420755D22F726FF00FD1B5C /* LYBaseNavigationController.h */,
				5420755E22F726FF00FD1B5C /* LYBaseNavigationController.m */,
				5420756422F72DC200FD1B5C /* LYBaseViewController.h */,
				5420756522F72DC200FD1B5C /* LYBaseViewController.m */,
				5420757422F7341100FD1B5C /* LYBaseTableViewController.h */,
				5420757522F7341100FD1B5C /* LYBaseTableViewController.m */,
				5420757B22F7352500FD1B5C /* BasePullTableViewController.h */,
				5420757C22F7352500FD1B5C /* BasePullTableViewController.m */,
			);
			path = Base;
			sourceTree = "<group>";
		};
		5420755222F724B900FD1B5C /* LYTabBar */ = {
			isa = PBXGroup;
			children = (
				5420755322F724DC00FD1B5C /* LYTabBarController.h */,
				5420755422F724DC00FD1B5C /* LYTabBarController.m */,
				5420755A22F725A600FD1B5C /* LYTabBarMenusModel */,
			);
			path = LYTabBar;
			sourceTree = "<group>";
		};
		5420755A22F725A600FD1B5C /* LYTabBarMenusModel */ = {
			isa = PBXGroup;
			children = (
				5420755B22F725DB00FD1B5C /* HTTabBarMenus.plist */,
				5420755622F7257D00FD1B5C /* LYTabBarMenusModel.h */,
				5420755722F7257D00FD1B5C /* LYTabBarMenusModel.m */,
			);
			path = LYTabBarMenusModel;
			sourceTree = "<group>";
		};
		5420756722F72F6300FD1B5C /* Public */ = {
			isa = PBXGroup;
			children = (
				54DC505F22F7A9D70056E7EF /* RealReachability */,
				5420756822F72F9F00FD1B5C /* NavigationTitleView */,
			);
			path = Public;
			sourceTree = "<group>";
		};
		5420756822F72F9F00FD1B5C /* NavigationTitleView */ = {
			isa = PBXGroup;
			children = (
				5420756922F72F9F00FD1B5C /* LYNavigationTitleView.m */,
				5420756A22F72F9F00FD1B5C /* LYNavigationTitleView.h */,
				5420756B22F72F9F00FD1B5C /* LYNavigationTitleView.xib */,
			);
			path = NavigationTitleView;
			sourceTree = "<group>";
		};
		5420757722F7349900FD1B5C /* LYSectionView */ = {
			isa = PBXGroup;
			children = (
				5420757822F734B500FD1B5C /* LYSectionView.h */,
				5420757922F734B500FD1B5C /* LYSectionView.m */,
			);
			path = LYSectionView;
			sourceTree = "<group>";
		};
		5420758422F7466A00FD1B5C /* YXProgressHUDView */ = {
			isa = PBXGroup;
			children = (
				5420758522F7466A00FD1B5C /* YXProgressHUDView.h */,
				5420758622F7466A00FD1B5C /* YXProgressHUDView.m */,
				5420758722F7466A00FD1B5C /* HUD_Configuration.h */,
			);
			path = YXProgressHUDView;
			sourceTree = "<group>";
		};
		5420758922F74AA000FD1B5C /* LYAFNetWorkUtility */ = {
			isa = PBXGroup;
			children = (
				5420758A22F74AD800FD1B5C /* AFNetWorkUtils.h */,
				5420758B22F74AD800FD1B5C /* AFNetWorkUtils.m */,
			);
			path = LYAFNetWorkUtility;
			sourceTree = "<group>";
		};
		54431B4E22F3A75C000019DE /* FrameWorkHelper */ = {
			isa = PBXGroup;
			children = (
				54431B4F22F3A773000019DE /* LYFrameWorkHelper.h */,
				54431B5022F3A773000019DE /* LYFrameWorkHelper.m */,
			);
			path = FrameWorkHelper;
			sourceTree = "<group>";
		};
		54431B5222F3DD5D000019DE /* AdvertisingPage */ = {
			isa = PBXGroup;
			children = (
				54431B5322F3DDF8000019DE /* LYAdvertisingManager.h */,
				54431B5422F3DDF8000019DE /* LYAdvertisingManager.m */,
			);
			path = AdvertisingPage;
			sourceTree = "<group>";
		};
		54431B5622F3E358000019DE /* Module */ = {
			isa = PBXGroup;
			children = (
				5420757722F7349900FD1B5C /* LYSectionView */,
				5420755222F724B900FD1B5C /* LYTabBar */,
				54431B5722F3E384000019DE /* LYLogin */,
			);
			path = Module;
			sourceTree = "<group>";
		};
		54431B5722F3E384000019DE /* LYLogin */ = {
			isa = PBXGroup;
			children = (
				54431B5922F3E3EC000019DE /* Controller */,
				54431B5A22F3E3EC000019DE /* Model */,
				54431B5822F3E3EC000019DE /* View */,
				54431B5B22F3E3EC000019DE /* ViewModel */,
			);
			path = LYLogin;
			sourceTree = "<group>";
		};
		54431B5822F3E3EC000019DE /* View */ = {
			isa = PBXGroup;
			children = (
			);
			path = View;
			sourceTree = "<group>";
		};
		54431B5922F3E3EC000019DE /* Controller */ = {
			isa = PBXGroup;
			children = (
				54431B5C22F3E405000019DE /* LYLoginViewController.h */,
				54431B5D22F3E405000019DE /* LYLoginViewController.m */,
			);
			path = Controller;
			sourceTree = "<group>";
		};
		54431B5A22F3E3EC000019DE /* Model */ = {
			isa = PBXGroup;
			children = (
				5420758122F740C500FD1B5C /* LYLoginModel.h */,
				5420758222F740C500FD1B5C /* LYLoginModel.m */,
			);
			path = Model;
			sourceTree = "<group>";
		};
		54431B5B22F3E3EC000019DE /* ViewModel */ = {
			isa = PBXGroup;
			children = (
				5420757E22F7407400FD1B5C /* LYLoginViewModel.h */,
				5420757F22F7407400FD1B5C /* LYLoginViewModel.m */,
			);
			path = ViewModel;
			sourceTree = "<group>";
		};
		54DC505F22F7A9D70056E7EF /* RealReachability */ = {
			isa = PBXGroup;
			children = (
				54DC506022F7A9D70056E7EF /* LYRealReachability.m */,
				54DC506122F7A9D70056E7EF /* LYRealReachability.h */,
			);
			path = RealReachability;
			sourceTree = "<group>";
		};
		54DDD84722F29E110053F434 /* Cache */ = {
			isa = PBXGroup;
			children = (
			);
			path = Cache;
			sourceTree = "<group>";
		};
		54DDD84822F29E110053F434 /* Const */ = {
			isa = PBXGroup;
			children = (
				54DDD84922F29E2A0053F434 /* LYColors.h */,
				54DDD84A22F29E4B0053F434 /* LYNotification.h */,
				54DDD84B22F29EA30053F434 /* LYConst.h */,
				54DDD84C22F2A0670053F434 /* LYConstStrings.h */,
				54DDD84D22F2A0670053F434 /* LYConstStrings.m */,
				54E2199022F2F20C0060CE55 /* Enumeration.h */,
				54E2199A22F2F4190060CE55 /* LYFrameDemo.pch */,
				54DC506922F86C210056E7EF /* LYUrlConst.h */,
				54DC506A22F86C210056E7EF /* LYUrlConst.m */,
			);
			path = Const;
			sourceTree = "<group>";
		};
		54DE55C522F6EDE700A985D3 /* YXKit */ = {
			isa = PBXGroup;
			children = (
				54DE55C622F6EDE700A985D3 /* Tools */,
				54DE55CB22F6EDE700A985D3 /* Category */,
				54DE55EC22F6EDE700A985D3 /* YXKitHeader.h */,
				54DE55ED22F6EDE700A985D3 /* YXKitTool.h */,
			);
			path = YXKit;
			sourceTree = "<group>";
		};
		54DE55C622F6EDE700A985D3 /* Tools */ = {
			isa = PBXGroup;
			children = (
				54DE55C722F6EDE700A985D3 /* CalculateHelper.h */,
				54DE55C822F6EDE700A985D3 /* XYDownMenuViewController.h */,
				54DE55C922F6EDE700A985D3 /* CalculateHelper.m */,
				54DE55CA22F6EDE700A985D3 /* XYDownMenuViewController.m */,
			);
			path = Tools;
			sourceTree = "<group>";
		};
		54DE55CB22F6EDE700A985D3 /* Category */ = {
			isa = PBXGroup;
			children = (
				54DE55CD22F6EDE700A985D3 /* NSBundle+Category.h */,
				54DE55CE22F6EDE700A985D3 /* NSString+Category.h */,
				54DE55CF22F6EDE700A985D3 /* NSDate+Category.m */,
				54DE55D022F6EDE700A985D3 /* NSArray+Category.m */,
				54DE55D122F6EDE700A985D3 /* UITableView+Category.m */,
				54DE55D222F6EDE700A985D3 /* UIImage+Category.m */,
				54DE55D322F6EDE700A985D3 /* UIViewController+Category.h */,
				54DE55D422F6EDE700A985D3 /* UIImageView+AnimationView.m */,
				54DE55D522F6EDE700A985D3 /* UIButton+Category.m */,
				54DE55D622F6EDE700A985D3 /* UIColor+Category.h */,
				54DE55D722F6EDE700A985D3 /* UIView+Category.m */,
				54DE55D822F6EDE700A985D3 /* NSObject+Category.h */,
				54DE55D922F6EDE700A985D3 /* NSDictionary+Category.h */,
				54DE55DA22F6EDE700A985D3 /* UIDevice+Category.m */,
				54DE55DB22F6EDE700A985D3 /* UIBarButtonItem+Category.m */,
				54DE55DC22F6EDE700A985D3 /* NSDate+Category.h */,
				54DE55DD22F6EDE700A985D3 /* NSBundle+Category.m */,
				54DE55DE22F6EDE700A985D3 /* NSString+Category.m */,
				54DE55E022F6EDE700A985D3 /* UIImageView+AnimationView.h */,
				54DE55E122F6EDE700A985D3 /* UIViewController+Category.m */,
				54DE55E222F6EDE700A985D3 /* UIImage+Category.h */,
				54DE55E322F6EDE700A985D3 /* UITableView+Category.h */,
				54DE55E422F6EDE700A985D3 /* NSArray+Category.h */,
				54DE55E522F6EDE700A985D3 /* NSDictionary+Category.m */,
				54DE55E622F6EDE700A985D3 /* NSObject+Category.m */,
				54DE55E722F6EDE700A985D3 /* UIColor+Category.m */,
				54DE55E822F6EDE700A985D3 /* UIView+Category.h */,
				54DE55E922F6EDE700A985D3 /* UIButton+Category.h */,
				54DE55EA22F6EDE700A985D3 /* UIDevice+Category.h */,
				54DE55EB22F6EDE700A985D3 /* UIBarButtonItem+Category.h */,
			);
			path = Category;
			sourceTree = "<group>";
		};
		54E19DC122F26FC9003A44ED = {
			isa = PBXGroup;
			children = (
				54E19DCC22F26FC9003A44ED /* LYFrameDemo */,
				54E19DCB22F26FC9003A44ED /* Products */,
				76A6EBEFCAE96539DFCC7892 /* Pods */,
				AF10BBA55A84C43DD32A989C /* Frameworks */,
			);
			sourceTree = "<group>";
		};
		54E19DCB22F26FC9003A44ED /* Products */ = {
			isa = PBXGroup;
			children = (
				54E19DCA22F26FC9003A44ED /* LYFrameDemo.app */,
			);
			name = Products;
			sourceTree = "<group>";
		};
		54E19DCC22F26FC9003A44ED /* LYFrameDemo */ = {
			isa = PBXGroup;
			children = (
				54E19DE822F272E4003A44ED /* Main */,
				54E19DEB22F273C3003A44ED /* Data */,
				54E19DEC22F273C3003A44ED /* Expand */,
				5420756722F72F6300FD1B5C /* Public */,
				54E19DEA22F273C3003A44ED /* Utility */,
				54E19DE322F27007003A44ED /* Resource */,
			);
			path = LYFrameDemo;
			sourceTree = "<group>";
		};
		54E19DE322F27007003A44ED /* Resource */ = {
			isa = PBXGroup;
			children = (
				54E19DE622F2716D003A44ED /* Info.plist */,
				54E19DD622F26FCA003A44ED /* Assets.xcassets */,
				54E19DD822F26FCA003A44ED /* LaunchScreen.storyboard */,
				54E19DED22F27517003A44ED /* Images.xcassets */,
				54E19DDC22F26FCA003A44ED /* main.m */,
			);
			path = Resource;
			sourceTree = "<group>";
		};
		54E19DE822F272E4003A44ED /* Main */ = {
			isa = PBXGroup;
			children = (
				54E19DCD22F26FC9003A44ED /* AppDelegate.h */,
				54E19DCE22F26FC9003A44ED /* AppDelegate.m */,
				54E19DD322F26FC9003A44ED /* Main.storyboard */,
				54E2199322F2F2BB0060CE55 /* AppManager */,
				54E2199222F2F2BA0060CE55 /* Client */,
			);
			path = Main;
			sourceTree = "<group>";
		};
		54E19DEA22F273C3003A44ED /* Utility */ = {
			isa = PBXGroup;
			children = (
				54E2199122F2F2700060CE55 /* Category */,
				54DE55C122F6E2A100A985D3 /* Utility.h */,
				54DE55C222F6E2A100A985D3 /* Utility.m */,
			);
			path = Utility;
			sourceTree = "<group>";
		};
		54E19DEB22F273C3003A44ED /* Data */ = {
			isa = PBXGroup;
			children = (
				54DDD84722F29E110053F434 /* Cache */,
				54DDD84822F29E110053F434 /* Const */,
			);
			path = Data;
			sourceTree = "<group>";
		};
		54E19DEC22F273C3003A44ED /* Expand */ = {
			isa = PBXGroup;
			children = (
				5420758922F74AA000FD1B5C /* LYAFNetWorkUtility */,
				5420758422F7466A00FD1B5C /* YXProgressHUDView */,
				54DE55C522F6EDE700A985D3 /* YXKit */,
			);
			path = Expand;
			sourceTree = "<group>";
		};
		54E2199122F2F2700060CE55 /* Category */ = {
			isa = PBXGroup;
			children = (
				54DC506622F7B1730056E7EF /* Utility+File.h */,
				54DC506722F7B1730056E7EF /* Utility+File.m */,
				5420757122F732C600FD1B5C /* UIViewController+NavBarLoading.h */,
				5420757222F732C700FD1B5C /* UIViewController+NavBarLoading.m */,
				5420756F22F730A700FD1B5C /* UIView+Helper.h */,
				5420756E22F730A700FD1B5C /* UIView+Helper.m */,
				54E2199B22F2F6970060CE55 /* UIColor+LYHelper.h */,
				54E2199C22F2F6970060CE55 /* UIColor+LYHelper.m */,
				54431B6222F3E558000019DE /* UIViewController+LYPushStoryBoard.h */,
				54431B6322F3E558000019DE /* UIViewController+LYPushStoryBoard.m */,
				54A8548722F4B42A00CEAA3E /* UIImage+LYHelper.h */,
				54A8548822F4B42A00CEAA3E /* UIImage+LYHelper.m */,
			);
			path = Category;
			sourceTree = "<group>";
		};
		54E2199222F2F2BA0060CE55 /* Client */ = {
			isa = PBXGroup;
			children = (
				5408ADC222F9CA210032D524 /* temp1 */,
				5408ADB322F9CA210032D524 /* temp2 */,
				5408ADB822F9CA210032D524 /* temp3 */,
				5408ADBD22F9CA210032D524 /* temp4 */,
				5408ADD822F9CB000032D524 /* temp5 */,
				54431B5622F3E358000019DE /* Module */,
			);
			path = Client;
			sourceTree = "<group>";
		};
		54E2199322F2F2BB0060CE55 /* AppManager */ = {
			isa = PBXGroup;
			children = (
				5420754E22F6FF8100FD1B5C /* Base */,
				54431B5222F3DD5D000019DE /* AdvertisingPage */,
				54431B4E22F3A75C000019DE /* FrameWorkHelper */,
				54E2199422F2F2EF0060CE55 /* LYAppManager.h */,
				54E2199522F2F2EF0060CE55 /* LYAppManager.m */,
				54E2199722F2F3960060CE55 /* LYAppearance.h */,
				54E2199822F2F3960060CE55 /* LYAppearance.m */,
			);
			path = AppManager;
			sourceTree = "<group>";
		};
		76A6EBEFCAE96539DFCC7892 /* Pods */ = {
			isa = PBXGroup;
			children = (
				B4859273E0C15103BF8D4D1C /* Pods-LYFrameDemo.debug.xcconfig */,
				79AB06C279D8C35FCE69B0F2 /* Pods-LYFrameDemo.release.xcconfig */,
			);
			path = Pods;
			sourceTree = "<group>";
		};
		AF10BBA55A84C43DD32A989C /* Frameworks */ = {
			isa = PBXGroup;
			children = (
				B203689A2C0E25F4E4F1B10A /* Pods_LYFrameDemo.framework */,
			);
			name = Frameworks;
			sourceTree = "<group>";
		};
/* End PBXGroup section */

/* Begin PBXNativeTarget section */
		54E19DC922F26FC9003A44ED /* LYFrameDemo */ = {
			isa = PBXNativeTarget;
			buildConfigurationList = 54E19DE022F26FCA003A44ED /* Build configuration list for PBXNativeTarget "LYFrameDemo" */;
			buildPhases = (
				72E3FDADA9985FFE544AF33F /* [CP] Check Pods Manifest.lock */,
				54E19DC622F26FC9003A44ED /* Sources */,
				54E19DC722F26FC9003A44ED /* Frameworks */,
				54E19DC822F26FC9003A44ED /* Resources */,
				85018B9D098E957EE04D2570 /* [CP] Embed Pods Frameworks */,
			);
			buildRules = (
			);
			dependencies = (
			);
			name = LYFrameDemo;
			productName = LYFrameDemo;
			productReference = 54E19DCA22F26FC9003A44ED /* LYFrameDemo.app */;
			productType = "com.apple.product-type.application";
		};
/* End PBXNativeTarget section */

/* Begin PBXProject section */
		54E19DC222F26FC9003A44ED /* Project object */ = {
			isa = PBXProject;
			attributes = {
				CLASSPREFIX = LY;
				LastUpgradeCheck = 1030;
				ORGANIZATIONNAME = "刘渊";
				TargetAttributes = {
					54E19DC922F26FC9003A44ED = {
						CreatedOnToolsVersion = 10.3;
					};
				};
			};
			buildConfigurationList = 54E19DC522F26FC9003A44ED /* Build configuration list for PBXProject "LYFrameDemo" */;
			compatibilityVersion = "Xcode 9.3";
			developmentRegion = en;
			hasScannedForEncodings = 0;
			knownRegions = (
				en,
				Base,
			);
			mainGroup = 54E19DC122F26FC9003A44ED;
			productRefGroup = 54E19DCB22F26FC9003A44ED /* Products */;
			projectDirPath = "";
			projectRoot = "";
			targets = (
				54E19DC922F26FC9003A44ED /* LYFrameDemo */,
			);
		};
/* End PBXProject section */

/* Begin PBXResourcesBuildPhase section */
		54E19DC822F26FC9003A44ED /* Resources */ = {
			isa = PBXResourcesBuildPhase;
			buildActionMask = 2147483647;
			files = (
				54A8548622F4B1F500CEAA3E /* Info.plist in Resources */,
				5420755C22F725DB00FD1B5C /* HTTabBarMenus.plist in Resources */,
				5408ADE122F9CE410032D524 /* MyProfile.storyboard in Resources */,
				5420756D22F72F9F00FD1B5C /* LYNavigationTitleView.xib in Resources */,
				54E19DEE22F27517003A44ED /* Images.xcassets in Resources */,
				54E19DDA22F26FCA003A44ED /* LaunchScreen.storyboard in Resources */,
				54E19DD722F26FCA003A44ED /* Assets.xcassets in Resources */,
				54E19DD522F26FC9003A44ED /* Main.storyboard in Resources */,
			);
			runOnlyForDeploymentPostprocessing = 0;
		};
/* End PBXResourcesBuildPhase section */

/* Begin PBXShellScriptBuildPhase section */
		72E3FDADA9985FFE544AF33F /* [CP] Check Pods Manifest.lock */ = {
			isa = PBXShellScriptBuildPhase;
			buildActionMask = 2147483647;
			files = (
			);
			inputFileListPaths = (
			);
			inputPaths = (
				"${PODS_PODFILE_DIR_PATH}/Podfile.lock",
				"${PODS_ROOT}/Manifest.lock",
			);
			name = "[CP] Check Pods Manifest.lock";
			outputFileListPaths = (
			);
			outputPaths = (
				"$(DERIVED_FILE_DIR)/Pods-LYFrameDemo-checkManifestLockResult.txt",
			);
			runOnlyForDeploymentPostprocessing = 0;
			shellPath = /bin/sh;
			shellScript = "diff \"${PODS_PODFILE_DIR_PATH}/Podfile.lock\" \"${PODS_ROOT}/Manifest.lock\" > /dev/null\nif [ $? != 0 ] ; then\n    # print error to STDERR\n    echo \"error: The sandbox is not in sync with the Podfile.lock. Run 'pod install' or update your CocoaPods installation.\" >&2\n    exit 1\nfi\n# This output is used by Xcode 'outputs' to avoid re-running this script phase.\necho \"SUCCESS\" > \"${SCRIPT_OUTPUT_FILE_0}\"\n";
			showEnvVarsInLog = 0;
		};
		85018B9D098E957EE04D2570 /* [CP] Embed Pods Frameworks */ = {
			isa = PBXShellScriptBuildPhase;
			buildActionMask = 2147483647;
			files = (
			);
			inputFileListPaths = (
				"${PODS_ROOT}/Target Support Files/Pods-LYFrameDemo/Pods-LYFrameDemo-frameworks-${CONFIGURATION}-input-files.xcfilelist",
			);
			name = "[CP] Embed Pods Frameworks";
			outputFileListPaths = (
				"${PODS_ROOT}/Target Support Files/Pods-LYFrameDemo/Pods-LYFrameDemo-frameworks-${CONFIGURATION}-output-files.xcfilelist",
			);
			runOnlyForDeploymentPostprocessing = 0;
			shellPath = /bin/sh;
			shellScript = "\"${PODS_ROOT}/Target Support Files/Pods-LYFrameDemo/Pods-LYFrameDemo-frameworks.sh\"\n";
			showEnvVarsInLog = 0;
		};
/* End PBXShellScriptBuildPhase section */

/* Begin PBXSourcesBuildPhase section */
		54E19DC622F26FC9003A44ED /* Sources */ = {
			isa = PBXSourcesBuildPhase;
			buildActionMask = 2147483647;
			files = (
				5420757A22F734B500FD1B5C /* LYSectionView.m in Sources */,
				54DC506222F7A9D70056E7EF /* LYRealReachability.m in Sources */,
				5408ADDF22F9CB160032D524 /* LYMeTableViewController.m in Sources */,
				5420756622F72DC200FD1B5C /* LYBaseViewController.m in Sources */,
				54DE55FA22F6EDE700A985D3 /* NSBundle+Category.m in Sources */,
				54DC506B22F86C210056E7EF /* LYUrlConst.m in Sources */,
				5420757022F730A700FD1B5C /* UIView+Helper.m in Sources */,
				54DDD84E22F2A0670053F434 /* LYConstStrings.m in Sources */,
				54DE55F822F6EDE700A985D3 /* UIDevice+Category.m in Sources */,
				54DE55FB22F6EDE700A985D3 /* NSString+Category.m in Sources */,
				54431B5522F3DDF8000019DE /* LYAdvertisingManager.m in Sources */,
				54E19DDD22F26FCA003A44ED /* main.m in Sources */,
				5420758C22F74AD800FD1B5C /* AFNetWorkUtils.m in Sources */,
				54DE55C322F6E2A100A985D3 /* Utility.m in Sources */,
				5408ADCC22F9CA4C0032D524 /* LYHanMissionViewController.m in Sources */,
				54DE55F122F6EDE700A985D3 /* NSDate+Category.m in Sources */,
				54DE55F322F6EDE700A985D3 /* UITableView+Category.m in Sources */,
				54431B5122F3A773000019DE /* LYFrameWorkHelper.m in Sources */,
				54DE55F222F6EDE700A985D3 /* NSArray+Category.m in Sources */,
				54DC506822F7B1730056E7EF /* Utility+File.m in Sources */,
				5420758822F7466A00FD1B5C /* YXProgressHUDView.m in Sources */,
				5408ADCF22F9CA640032D524 /* LYApplicationMainController.m in Sources */,
				54DE55F522F6EDE700A985D3 /* UIImageView+AnimationView.m in Sources */,
				5420757D22F7352500FD1B5C /* BasePullTableViewController.m in Sources */,
				54DE55EE22F6EDE700A985D3 /* CalculateHelper.m in Sources */,
				54DE55FC22F6EDE700A985D3 /* UIViewController+Category.m in Sources */,
				54E2199622F2F2EF0060CE55 /* LYAppManager.m in Sources */,
				5420757322F732C700FD1B5C /* UIViewController+NavBarLoading.m in Sources */,
				54DE55F422F6EDE700A985D3 /* UIImage+Category.m in Sources */,
				54431B5E22F3E405000019DE /* LYLoginViewController.m in Sources */,
				54A8548922F4B42A00CEAA3E /* UIImage+LYHelper.m in Sources */,
				54DE55F722F6EDE700A985D3 /* UIView+Category.m in Sources */,
				5408ADD222F9CA860032D524 /* LYHanChuanCircleViewController.m in Sources */,
				54DE55FE22F6EDE700A985D3 /* NSObject+Category.m in Sources */,
				5420755522F724DC00FD1B5C /* LYTabBarController.m in Sources */,
				5420758322F740C500FD1B5C /* LYLoginModel.m in Sources */,
				54431B6422F3E558000019DE /* UIViewController+LYPushStoryBoard.m in Sources */,
				54E19DCF22F26FC9003A44ED /* AppDelegate.m in Sources */,
				54E2199922F2F3960060CE55 /* LYAppearance.m in Sources */,
				54DE55F922F6EDE700A985D3 /* UIBarButtonItem+Category.m in Sources */,
				5420755822F7257D00FD1B5C /* LYTabBarMenusModel.m in Sources */,
				54DE55F622F6EDE700A985D3 /* UIButton+Category.m in Sources */,
				5420756C22F72F9F00FD1B5C /* LYNavigationTitleView.m in Sources */,
				5420757622F7341100FD1B5C /* LYBaseTableViewController.m in Sources */,
				54DE55EF22F6EDE700A985D3 /* XYDownMenuViewController.m in Sources */,
				5408ADC922F9CA380032D524 /* LYConversationListController.m in Sources */,
				54DE55FD22F6EDE700A985D3 /* NSDictionary+Category.m in Sources */,
				54E2199D22F2F6970060CE55 /* UIColor+LYHelper.m in Sources */,
				5420755F22F726FF00FD1B5C /* LYBaseNavigationController.m in Sources */,
				54DE55FF22F6EDE700A985D3 /* UIColor+Category.m in Sources */,
				5420758022F7407400FD1B5C /* LYLoginViewModel.m in Sources */,
				5420755122F7244100FD1B5C /* LYBaseModel.m in Sources */,
			);
			runOnlyForDeploymentPostprocessing = 0;
		};
/* End PBXSourcesBuildPhase section */

/* Begin PBXVariantGroup section */
		54E19DD322F26FC9003A44ED /* Main.storyboard */ = {
			isa = PBXVariantGroup;
			children = (
				54E19DD422F26FC9003A44ED /* Base */,
			);
			name = Main.storyboard;
			sourceTree = "<group>";
		};
		54E19DD822F26FCA003A44ED /* LaunchScreen.storyboard */ = {
			isa = PBXVariantGroup;
			children = (
				54E19DD922F26FCA003A44ED /* Base */,
			);
			name = LaunchScreen.storyboard;
			sourceTree = "<group>";
		};
/* End PBXVariantGroup section */

/* Begin XCBuildConfiguration section */
		54E19DDE22F26FCA003A44ED /* Debug */ = {
			isa = XCBuildConfiguration;
			buildSettings = {
				ALWAYS_SEARCH_USER_PATHS = NO;
				CLANG_ANALYZER_NONNULL = YES;
				CLANG_ANALYZER_NUMBER_OBJECT_CONVERSION = YES_AGGRESSIVE;
				CLANG_CXX_LANGUAGE_STANDARD = "gnu++14";
				CLANG_CXX_LIBRARY = "libc++";
				CLANG_ENABLE_MODULES = YES;
				CLANG_ENABLE_OBJC_ARC = YES;
				CLANG_ENABLE_OBJC_WEAK = YES;
				CLANG_WARN_BLOCK_CAPTURE_AUTORELEASING = YES;
				CLANG_WARN_BOOL_CONVERSION = YES;
				CLANG_WARN_COMMA = YES;
				CLANG_WARN_CONSTANT_CONVERSION = YES;
				CLANG_WARN_DEPRECATED_OBJC_IMPLEMENTATIONS = YES;
				CLANG_WARN_DIRECT_OBJC_ISA_USAGE = YES_ERROR;
				CLANG_WARN_DOCUMENTATION_COMMENTS = YES;
				CLANG_WARN_EMPTY_BODY = YES;
				CLANG_WARN_ENUM_CONVERSION = YES;
				CLANG_WARN_INFINITE_RECURSION = YES;
				CLANG_WARN_INT_CONVERSION = YES;
				CLANG_WARN_NON_LITERAL_NULL_CONVERSION = YES;
				CLANG_WARN_OBJC_IMPLICIT_RETAIN_SELF = YES;
				CLANG_WARN_OBJC_LITERAL_CONVERSION = YES;
				CLANG_WARN_OBJC_ROOT_CLASS = YES_ERROR;
				CLANG_WARN_RANGE_LOOP_ANALYSIS = YES;
				CLANG_WARN_STRICT_PROTOTYPES = YES;
				CLANG_WARN_SUSPICIOUS_MOVE = YES;
				CLANG_WARN_UNGUARDED_AVAILABILITY = YES_AGGRESSIVE;
				CLANG_WARN_UNREACHABLE_CODE = YES;
				CLANG_WARN__DUPLICATE_METHOD_MATCH = YES;
				CODE_SIGN_IDENTITY = "iPhone Developer";
				COPY_PHASE_STRIP = NO;
				DEBUG_INFORMATION_FORMAT = dwarf;
				ENABLE_STRICT_OBJC_MSGSEND = YES;
				ENABLE_TESTABILITY = YES;
				GCC_C_LANGUAGE_STANDARD = gnu11;
				GCC_DYNAMIC_NO_PIC = NO;
				GCC_NO_COMMON_BLOCKS = YES;
				GCC_OPTIMIZATION_LEVEL = 0;
				GCC_PREPROCESSOR_DEFINITIONS = (
					"DEBUG=1",
					"$(inherited)",
				);
				GCC_WARN_64_TO_32_BIT_CONVERSION = YES;
				GCC_WARN_ABOUT_RETURN_TYPE = YES_ERROR;
				GCC_WARN_UNDECLARED_SELECTOR = YES;
				GCC_WARN_UNINITIALIZED_AUTOS = YES_AGGRESSIVE;
				GCC_WARN_UNUSED_FUNCTION = YES;
				GCC_WARN_UNUSED_VARIABLE = YES;
				IPHONEOS_DEPLOYMENT_TARGET = 12.4;
				MTL_ENABLE_DEBUG_INFO = INCLUDE_SOURCE;
				MTL_FAST_MATH = YES;
				ONLY_ACTIVE_ARCH = YES;
				SDKROOT = iphoneos;
			};
			name = Debug;
		};
		54E19DDF22F26FCA003A44ED /* Release */ = {
			isa = XCBuildConfiguration;
			buildSettings = {
				ALWAYS_SEARCH_USER_PATHS = NO;
				CLANG_ANALYZER_NONNULL = YES;
				CLANG_ANALYZER_NUMBER_OBJECT_CONVERSION = YES_AGGRESSIVE;
				CLANG_CXX_LANGUAGE_STANDARD = "gnu++14";
				CLANG_CXX_LIBRARY = "libc++";
				CLANG_ENABLE_MODULES = YES;
				CLANG_ENABLE_OBJC_ARC = YES;
				CLANG_ENABLE_OBJC_WEAK = YES;
				CLANG_WARN_BLOCK_CAPTURE_AUTORELEASING = YES;
				CLANG_WARN_BOOL_CONVERSION = YES;
				CLANG_WARN_COMMA = YES;
				CLANG_WARN_CONSTANT_CONVERSION = YES;
				CLANG_WARN_DEPRECATED_OBJC_IMPLEMENTATIONS = YES;
				CLANG_WARN_DIRECT_OBJC_ISA_USAGE = YES_ERROR;
				CLANG_WARN_DOCUMENTATION_COMMENTS = YES;
				CLANG_WARN_EMPTY_BODY = YES;
				CLANG_WARN_ENUM_CONVERSION = YES;
				CLANG_WARN_INFINITE_RECURSION = YES;
				CLANG_WARN_INT_CONVERSION = YES;
				CLANG_WARN_NON_LITERAL_NULL_CONVERSION = YES;
				CLANG_WARN_OBJC_IMPLICIT_RETAIN_SELF = YES;
				CLANG_WARN_OBJC_LITERAL_CONVERSION = YES;
				CLANG_WARN_OBJC_ROOT_CLASS = YES_ERROR;
				CLANG_WARN_RANGE_LOOP_ANALYSIS = YES;
				CLANG_WARN_STRICT_PROTOTYPES = YES;
				CLANG_WARN_SUSPICIOUS_MOVE = YES;
				CLANG_WARN_UNGUARDED_AVAILABILITY = YES_AGGRESSIVE;
				CLANG_WARN_UNREACHABLE_CODE = YES;
				CLANG_WARN__DUPLICATE_METHOD_MATCH = YES;
				CODE_SIGN_IDENTITY = "iPhone Developer";
				COPY_PHASE_STRIP = NO;
				DEBUG_INFORMATION_FORMAT = "dwarf-with-dsym";
				ENABLE_NS_ASSERTIONS = NO;
				ENABLE_STRICT_OBJC_MSGSEND = YES;
				GCC_C_LANGUAGE_STANDARD = gnu11;
				GCC_NO_COMMON_BLOCKS = YES;
				GCC_WARN_64_TO_32_BIT_CONVERSION = YES;
				GCC_WARN_ABOUT_RETURN_TYPE = YES_ERROR;
				GCC_WARN_UNDECLARED_SELECTOR = YES;
				GCC_WARN_UNINITIALIZED_AUTOS = YES_AGGRESSIVE;
				GCC_WARN_UNUSED_FUNCTION = YES;
				GCC_WARN_UNUSED_VARIABLE = YES;
				IPHONEOS_DEPLOYMENT_TARGET = 12.4;
				MTL_ENABLE_DEBUG_INFO = NO;
				MTL_FAST_MATH = YES;
				SDKROOT = iphoneos;
				VALIDATE_PRODUCT = YES;
			};
			name = Release;
		};
		54E19DE122F26FCA003A44ED /* Debug */ = {
			isa = XCBuildConfiguration;
			baseConfigurationReference = B4859273E0C15103BF8D4D1C /* Pods-LYFrameDemo.debug.xcconfig */;
			buildSettings = {
				ASSETCATALOG_COMPILER_APPICON_NAME = AppIcon;
				CODE_SIGN_STYLE = Automatic;
				DEVELOPMENT_TEAM = 4SYEQDQSW5;
				GCC_PREFIX_HEADER = /Users/liuyuan/Desktop/Frame/BaseFrame/LYFrameDemo/LYFrameDemo/Data/Const/LYFrameDemo.pch;
				INFOPLIST_FILE = LYFrameDemo/Resource/Info.plist;
				LD_RUNPATH_SEARCH_PATHS = (
					"$(inherited)",
					"@executable_path/Frameworks",
				);
				PRODUCT_BUNDLE_IDENTIFIER = com.liuyuan.LYFrameDemo;
				PRODUCT_NAME = "$(TARGET_NAME)";
				TARGETED_DEVICE_FAMILY = "1,2";
			};
			name = Debug;
		};
		54E19DE222F26FCA003A44ED /* Release */ = {
			isa = XCBuildConfiguration;
			baseConfigurationReference = 79AB06C279D8C35FCE69B0F2 /* Pods-LYFrameDemo.release.xcconfig */;
			buildSettings = {
				ASSETCATALOG_COMPILER_APPICON_NAME = AppIcon;
				CODE_SIGN_STYLE = Automatic;
				DEVELOPMENT_TEAM = 4SYEQDQSW5;
				GCC_PREFIX_HEADER = /Users/liuyuan/Desktop/Frame/BaseFrame/LYFrameDemo/LYFrameDemo/Data/Const/LYFrameDemo.pch;
				INFOPLIST_FILE = LYFrameDemo/Resource/Info.plist;
				LD_RUNPATH_SEARCH_PATHS = (
					"$(inherited)",
					"@executable_path/Frameworks",
				);
				PRODUCT_BUNDLE_IDENTIFIER = com.liuyuan.LYFrameDemo;
				PRODUCT_NAME = "$(TARGET_NAME)";
				TARGETED_DEVICE_FAMILY = "1,2";
			};
			name = Release;
		};
/* End XCBuildConfiguration section */

/* Begin XCConfigurationList section */
		54E19DC522F26FC9003A44ED /* Build configuration list for PBXProject "LYFrameDemo" */ = {
			isa = XCConfigurationList;
			buildConfigurations = (
				54E19DDE22F26FCA003A44ED /* Debug */,
				54E19DDF22F26FCA003A44ED /* Release */,
			);
			defaultConfigurationIsVisible = 0;
			defaultConfigurationName = Release;
		};
		54E19DE022F26FCA003A44ED /* Build configuration list for PBXNativeTarget "LYFrameDemo" */ = {
			isa = XCConfigurationList;
			buildConfigurations = (
				54E19DE122F26FCA003A44ED /* Debug */,
				54E19DE222F26FCA003A44ED /* Release */,
			);
			defaultConfigurationIsVisible = 0;
			defaultConfigurationName = Release;
		};
/* End XCConfigurationList section */
	};
	rootObject = 54E19DC222F26FC9003A44ED /* Project object */;
}
